
Microsoft Visual Studio Solution File, Format Version 12.00
# Visual Studio Version 16
VisualStudioVersion = 16.0.31613.86
MinimumVisualStudioVersion = 10.0.40219.1
Project("{FAE04EC0-301F-11D3-BF4B-00C04F79EFBC}") = "PRE-SELECTION_Part_1", "PRE-SELECTION_Part_1\PRE-SELECTION_Part_1.csproj", "{B1571583-EFFE-40F6-A44B-8B9A5B75F553}"
EndProject
Global
	GlobalSection(SolutionConfigurationPlatforms) = preSolution
		Debug|Any CPU = Debug|Any CPU
		Release|Any CPU = Release|Any CPU
	EndGlobalSection
	GlobalSection(ProjectConfigurationPlatforms) = postSolution
		{B1571583-EFFE-40F6-A44B-8B9A5B75F553}.Debug|Any CPU.ActiveCfg = Debug|Any CPU
		{B1571583-EFFE-40F6-A44B-8B9A5B75F553}.Debug|Any CPU.Build.0 = Debug|Any CPU
		{B1571583-EFFE-40F6-A44B-8B9A5B75F553}.Release|Any CPU.ActiveCfg = Release|Any CPU
		{B1571583-EFFE-40F6-A44B-8B9A5B75F553}.Release|Any CPU.Build.0 = Release|Any CPU
	EndGlobalSection
	GlobalSection(SolutionProperties) = preSolution
		HideSolutionNode = FALSE
	EndGlobalSection
	GlobalSection(ExtensibilityGlobals) = postSolution
		SolutionGuid = {121378D4-B9CB-4D9D-B959-C7B6A0285157}
	EndGlobalSection
EndGlobal
